// !$*UTF8*$!
{
	archiveVersion = 1;
	classes = {
	};
	objectVersion = 56;
	objects = {

/* Begin PBXBuildFile section */
		2EC5E1D21F0987491D3A0D52 /* Pods_LinkedDoc.framework in Frameworks */ = {isa = PBXBuildFile; fileRef = B1626EA78B1559BB7B1FADCE /* Pods_LinkedDoc.framework */; };
		5CA754973A54205D34E22C07 /* Pods_LinkedDocTests.framework in Frameworks */ = {isa = PBXBuildFile; fileRef = 7B54A2341E09476215C46CE9 /* Pods_LinkedDocTests.framework */; };
		B90784582BA0218D0024970D /* dashboard.swift in Sources */ = {isa = PBXBuildFile; fileRef = B90784572BA0218D0024970D /* dashboard.swift */; };
		B907845B2BA02CFB0024970D /* all_colors.swift in Sources */ = {isa = PBXBuildFile; fileRef = B907845A2BA02CFB0024970D /* all_colors.swift */; };
		B907845E2BA02D310024970D /* extensions.swift in Sources */ = {isa = PBXBuildFile; fileRef = B907845D2BA02D310024970D /* extensions.swift */; };
		B90784612BA02DDB0024970D /* translate_language.swift in Sources */ = {isa = PBXBuildFile; fileRef = B90784602BA02DDB0024970D /* translate_language.swift */; };
		B907846A2BA038E20024970D /* update_select_language.swift in Sources */ = {isa = PBXBuildFile; fileRef = B90784692BA038E20024970D /* update_select_language.swift */; };
		B919B7562BA18F4C005E96D3 /* update_profile.swift in Sources */ = {isa = PBXBuildFile; fileRef = B919B7552BA18F4C005E96D3 /* update_profile.swift */; };
		B9BF86232B9F27EA00DBB05A /* complete_profile.swift in Sources */ = {isa = PBXBuildFile; fileRef = B9BF86222B9F27EA00DBB05A /* complete_profile.swift */; };
		B9BF96552BA074DC00860A64 /* change_password.swift in Sources */ = {isa = PBXBuildFile; fileRef = B9BF96542BA074DC00860A64 /* change_password.swift */; };
		B9BF96582BA07C9700860A64 /* ERProgressHud.swift in Sources */ = {isa = PBXBuildFile; fileRef = B9BF96572BA07C9700860A64 /* ERProgressHud.swift */; };
		B9BF96622BA07CCF00860A64 /* AlertView.swift in Sources */ = {isa = PBXBuildFile; fileRef = B9BF965A2BA07CCF00860A64 /* AlertView.swift */; };
		B9BF96632BA07CCF00860A64 /* LeftPaddingTextField.swift in Sources */ = {isa = PBXBuildFile; fileRef = B9BF965B2BA07CCF00860A64 /* LeftPaddingTextField.swift */; };
		B9BF96642BA07CCF00860A64 /* Color.swift in Sources */ = {isa = PBXBuildFile; fileRef = B9BF965C2BA07CCF00860A64 /* Color.swift */; };
		B9BF96652BA07CCF00860A64 /* NewYorkAlertController.swift in Sources */ = {isa = PBXBuildFile; fileRef = B9BF965D2BA07CCF00860A64 /* NewYorkAlertController.swift */; };
		B9BF96662BA07CCF00860A64 /* UIStackView+Utility.swift in Sources */ = {isa = PBXBuildFile; fileRef = B9BF965E2BA07CCF00860A64 /* UIStackView+Utility.swift */; };
		B9BF96672BA07CCF00860A64 /* NewYorkAlertViewType.swift in Sources */ = {isa = PBXBuildFile; fileRef = B9BF965F2BA07CCF00860A64 /* NewYorkAlertViewType.swift */; };
		B9BF96682BA07CCF00860A64 /* ActionSheetView.swift in Sources */ = {isa = PBXBuildFile; fileRef = B9BF96602BA07CCF00860A64 /* ActionSheetView.swift */; };
		B9BF96692BA07CCF00860A64 /* NewYorkButton.swift in Sources */ = {isa = PBXBuildFile; fileRef = B9BF96612BA07CCF00860A64 /* NewYorkButton.swift */; };
		B9BF966C2BA088F400860A64 /* RPicker.swift in Sources */ = {isa = PBXBuildFile; fileRef = B9BF966B2BA088F400860A64 /* RPicker.swift */; };
		B9BF966F2BA0905700860A64 /* welcome.swift in Sources */ = {isa = PBXBuildFile; fileRef = B9BF966E2BA0905700860A64 /* welcome.swift */; };
		B9E52CB32B9ED4D600948E89 /* AppDelegate.swift in Sources */ = {isa = PBXBuildFile; fileRef = B9E52CB22B9ED4D600948E89 /* AppDelegate.swift */; };
		B9E52CB52B9ED4D600948E89 /* SceneDelegate.swift in Sources */ = {isa = PBXBuildFile; fileRef = B9E52CB42B9ED4D600948E89 /* SceneDelegate.swift */; };
		B9E52CB72B9ED4D600948E89 /* ViewController.swift in Sources */ = {isa = PBXBuildFile; fileRef = B9E52CB62B9ED4D600948E89 /* ViewController.swift */; };
		B9E52CBA2B9ED4D600948E89 /* Base in Resources */ = {isa = PBXBuildFile; fileRef = B9E52CB92B9ED4D600948E89 /* Base */; };
		B9E52CBD2B9ED4D600948E89 /* LinkedDoc.xcdatamodeld in Sources */ = {isa = PBXBuildFile; fileRef = B9E52CBB2B9ED4D600948E89 /* LinkedDoc.xcdatamodeld */; };
		B9E52CBF2B9ED4D700948E89 /* Assets.xcassets in Resources */ = {isa = PBXBuildFile; fileRef = B9E52CBE2B9ED4D700948E89 /* Assets.xcassets */; };
		B9E52CC22B9ED4D700948E89 /* Base in Resources */ = {isa = PBXBuildFile; fileRef = B9E52CC12B9ED4D700948E89 /* Base */; };
		B9E52CCD2B9ED4D700948E89 /* LinkedDocTests.swift in Sources */ = {isa = PBXBuildFile; fileRef = B9E52CCC2B9ED4D700948E89 /* LinkedDocTests.swift */; };
		B9E52CD72B9ED4D700948E89 /* LinkedDocUITests.swift in Sources */ = {isa = PBXBuildFile; fileRef = B9E52CD62B9ED4D700948E89 /* LinkedDocUITests.swift */; };
		B9E52CD92B9ED4D700948E89 /* LinkedDocUITestsLaunchTests.swift in Sources */ = {isa = PBXBuildFile; fileRef = B9E52CD82B9ED4D700948E89 /* LinkedDocUITestsLaunchTests.swift */; };
		B9E52CF02B9ED6C400948E89 /* MenuControllerVC.swift in Sources */ = {isa = PBXBuildFile; fileRef = B9E52CEC2B9ED6C200948E89 /* MenuControllerVC.swift */; };
		B9E52CF12B9ED6C400948E89 /* SWRevealViewController.m in Sources */ = {isa = PBXBuildFile; fileRef = B9E52CED2B9ED6C300948E89 /* SWRevealViewController.m */; };
		B9E52CF22B9ED6C400948E89 /* MenuControllerVCTableCell.swift in Sources */ = {isa = PBXBuildFile; fileRef = B9E52CEF2B9ED6C400948E89 /* MenuControllerVCTableCell.swift */; };
		B9E52CF52B9ED70C00948E89 /* Utils.swift in Sources */ = {isa = PBXBuildFile; fileRef = B9E52CF42B9ED70C00948E89 /* Utils.swift */; };
		B9E52CF82B9ED87500948E89 /* loginViewController.swift in Sources */ = {isa = PBXBuildFile; fileRef = B9E52CF72B9ED87500948E89 /* loginViewController.swift */; };
		B9E52CFB2B9ED90F00948E89 /* select_language.swift in Sources */ = {isa = PBXBuildFile; fileRef = B9E52CFA2B9ED90F00948E89 /* select_language.swift */; };
		B9E52CFE2B9EDA6C00948E89 /* text_language.swift in Sources */ = {isa = PBXBuildFile; fileRef = B9E52CFD2B9EDA6C00948E89 /* text_language.swift */; };
		B9E52D012B9EF86100948E89 /* create_an_account.swift in Sources */ = {isa = PBXBuildFile; fileRef = B9E52D002B9EF86100948E89 /* create_an_account.swift */; };
		B9E52D042B9EF90B00948E89 /* table_cellTableViewCell.swift in Sources */ = {isa = PBXBuildFile; fileRef = B9E52D032B9EF90B00948E89 /* table_cellTableViewCell.swift */; };
		DED4C0FD6FDD402B386DE922 /* Pods_LinkedDoc_LinkedDocUITests.framework in Frameworks */ = {isa = PBXBuildFile; fileRef = 1510E1E370622CE3F99BFC54 /* Pods_LinkedDoc_LinkedDocUITests.framework */; };
/* End PBXBuildFile section */

/* Begin PBXContainerItemProxy section */
		B9E52CC92B9ED4D700948E89 /* PBXContainerItemProxy */ = {
			isa = PBXContainerItemProxy;
			containerPortal = B9E52CA72B9ED4D600948E89 /* Project object */;
			proxyType = 1;
			remoteGlobalIDString = B9E52CAE2B9ED4D600948E89;
			remoteInfo = LinkedDoc;
		};
		B9E52CD32B9ED4D700948E89 /* PBXContainerItemProxy */ = {
			isa = PBXContainerItemProxy;
			containerPortal = B9E52CA72B9ED4D600948E89 /* Project object */;
			proxyType = 1;
			remoteGlobalIDString = B9E52CAE2B9ED4D600948E89;
			remoteInfo = LinkedDoc;
		};
/* End PBXContainerItemProxy section */

/* Begin PBXFileReference section */
		0A8D70D45EBB4CF971E46549 /* Pods-LinkedDoc-LinkedDocUITests.release.xcconfig */ = {isa = PBXFileReference; includeInIndex = 1; lastKnownFileType = text.xcconfig; name = "Pods-LinkedDoc-LinkedDocUITests.release.xcconfig"; path = "Target Support Files/Pods-LinkedDoc-LinkedDocUITests/Pods-LinkedDoc-LinkedDocUITests.release.xcconfig"; sourceTree = "<group>"; };
		0CA3AFBF3C5B889020C887B9 /* Pods-LinkedDocTests.debug.xcconfig */ = {isa = PBXFileReference; includeInIndex = 1; lastKnownFileType = text.xcconfig; name = "Pods-LinkedDocTests.debug.xcconfig"; path = "Target Support Files/Pods-LinkedDocTests/Pods-LinkedDocTests.debug.xcconfig"; sourceTree = "<group>"; };
		1510E1E370622CE3F99BFC54 /* Pods_LinkedDoc_LinkedDocUITests.framework */ = {isa = PBXFileReference; explicitFileType = wrapper.framework; includeInIndex = 0; path = Pods_LinkedDoc_LinkedDocUITests.framework; sourceTree = BUILT_PRODUCTS_DIR; };
		46E7DC7F18F347B013CDD14E /* Pods-LinkedDoc.debug.xcconfig */ = {isa = PBXFileReference; includeInIndex = 1; lastKnownFileType = text.xcconfig; name = "Pods-LinkedDoc.debug.xcconfig"; path = "Target Support Files/Pods-LinkedDoc/Pods-LinkedDoc.debug.xcconfig"; sourceTree = "<group>"; };
		68464978A9677F6C8FBD85B0 /* Pods-LinkedDocTests.release.xcconfig */ = {isa = PBXFileReference; includeInIndex = 1; lastKnownFileType = text.xcconfig; name = "Pods-LinkedDocTests.release.xcconfig"; path = "Target Support Files/Pods-LinkedDocTests/Pods-LinkedDocTests.release.xcconfig"; sourceTree = "<group>"; };
		7B54A2341E09476215C46CE9 /* Pods_LinkedDocTests.framework */ = {isa = PBXFileReference; explicitFileType = wrapper.framework; includeInIndex = 0; path = Pods_LinkedDocTests.framework; sourceTree = BUILT_PRODUCTS_DIR; };
		B1626EA78B1559BB7B1FADCE /* Pods_LinkedDoc.framework */ = {isa = PBXFileReference; explicitFileType = wrapper.framework; includeInIndex = 0; path = Pods_LinkedDoc.framework; sourceTree = BUILT_PRODUCTS_DIR; };
		B90784572BA0218D0024970D /* dashboard.swift */ = {isa = PBXFileReference; lastKnownFileType = sourcecode.swift; path = dashboard.swift; sourceTree = "<group>"; };
		B907845A2BA02CFB0024970D /* all_colors.swift */ = {isa = PBXFileReference; lastKnownFileType = sourcecode.swift; path = all_colors.swift; sourceTree = "<group>"; };
		B907845D2BA02D310024970D /* extensions.swift */ = {isa = PBXFileReference; lastKnownFileType = sourcecode.swift; path = extensions.swift; sourceTree = "<group>"; };
		B90784602BA02DDB0024970D /* translate_language.swift */ = {isa = PBXFileReference; lastKnownFileType = sourcecode.swift; path = translate_language.swift; sourceTree = "<group>"; };
		B90784692BA038E20024970D /* update_select_language.swift */ = {isa = PBXFileReference; lastKnownFileType = sourcecode.swift; path = update_select_language.swift; sourceTree = "<group>"; };
		B919B7552BA18F4C005E96D3 /* update_profile.swift */ = {isa = PBXFileReference; lastKnownFileType = sourcecode.swift; path = update_profile.swift; sourceTree = "<group>"; };
		B9BF86222B9F27EA00DBB05A /* complete_profile.swift */ = {isa = PBXFileReference; lastKnownFileType = sourcecode.swift; path = complete_profile.swift; sourceTree = "<group>"; };
		B9BF96542BA074DC00860A64 /* change_password.swift */ = {isa = PBXFileReference; lastKnownFileType = sourcecode.swift; path = change_password.swift; sourceTree = "<group>"; };
		B9BF96572BA07C9700860A64 /* ERProgressHud.swift */ = {isa = PBXFileReference; fileEncoding = 4; lastKnownFileType = sourcecode.swift; path = ERProgressHud.swift; sourceTree = "<group>"; };
		B9BF965A2BA07CCF00860A64 /* AlertView.swift */ = {isa = PBXFileReference; fileEncoding = 4; lastKnownFileType = sourcecode.swift; path = AlertView.swift; sourceTree = "<group>"; };
		B9BF965B2BA07CCF00860A64 /* LeftPaddingTextField.swift */ = {isa = PBXFileReference; fileEncoding = 4; lastKnownFileType = sourcecode.swift; path = LeftPaddingTextField.swift; sourceTree = "<group>"; };
		B9BF965C2BA07CCF00860A64 /* Color.swift */ = {isa = PBXFileReference; fileEncoding = 4; lastKnownFileType = sourcecode.swift; path = Color.swift; sourceTree = "<group>"; };
		B9BF965D2BA07CCF00860A64 /* NewYorkAlertController.swift */ = {isa = PBXFileReference; fileEncoding = 4; lastKnownFileType = sourcecode.swift; path = NewYorkAlertController.swift; sourceTree = "<group>"; };
		B9BF965E2BA07CCF00860A64 /* UIStackView+Utility.swift */ = {isa = PBXFileReference; fileEncoding = 4; lastKnownFileType = sourcecode.swift; path = "UIStackView+Utility.swift"; sourceTree = "<group>"; };
		B9BF965F2BA07CCF00860A64 /* NewYorkAlertViewType.swift */ = {isa = PBXFileReference; fileEncoding = 4; lastKnownFileType = sourcecode.swift; path = NewYorkAlertViewType.swift; sourceTree = "<group>"; };
		B9BF96602BA07CCF00860A64 /* ActionSheetView.swift */ = {isa = PBXFileReference; fileEncoding = 4; lastKnownFileType = sourcecode.swift; path = ActionSheetView.swift; sourceTree = "<group>"; };
		B9BF96612BA07CCF00860A64 /* NewYorkButton.swift */ = {isa = PBXFileReference; fileEncoding = 4; lastKnownFileType = sourcecode.swift; path = NewYorkButton.swift; sourceTree = "<group>"; };
		B9BF966B2BA088F400860A64 /* RPicker.swift */ = {isa = PBXFileReference; fileEncoding = 4; lastKnownFileType = sourcecode.swift; path = RPicker.swift; sourceTree = "<group>"; };
		B9BF966E2BA0905700860A64 /* welcome.swift */ = {isa = PBXFileReference; lastKnownFileType = sourcecode.swift; path = welcome.swift; sourceTree = "<group>"; };
		B9E52CAF2B9ED4D600948E89 /* LinkedDoc.app */ = {isa = PBXFileReference; explicitFileType = wrapper.application; includeInIndex = 0; path = LinkedDoc.app; sourceTree = BUILT_PRODUCTS_DIR; };
		B9E52CB22B9ED4D600948E89 /* AppDelegate.swift */ = {isa = PBXFileReference; lastKnownFileType = sourcecode.swift; path = AppDelegate.swift; sourceTree = "<group>"; };
		B9E52CB42B9ED4D600948E89 /* SceneDelegate.swift */ = {isa = PBXFileReference; lastKnownFileType = sourcecode.swift; path = SceneDelegate.swift; sourceTree = "<group>"; };
		B9E52CB62B9ED4D600948E89 /* ViewController.swift */ = {isa = PBXFileReference; lastKnownFileType = sourcecode.swift; path = ViewController.swift; sourceTree = "<group>"; };
		B9E52CB92B9ED4D600948E89 /* Base */ = {isa = PBXFileReference; lastKnownFileType = file.storyboard; name = Base; path = Base.lproj/Main.storyboard; sourceTree = "<group>"; };
		B9E52CBC2B9ED4D600948E89 /* LinkedDoc.xcdatamodel */ = {isa = PBXFileReference; lastKnownFileType = wrapper.xcdatamodel; path = LinkedDoc.xcdatamodel; sourceTree = "<group>"; };
		B9E52CBE2B9ED4D700948E89 /* Assets.xcassets */ = {isa = PBXFileReference; lastKnownFileType = folder.assetcatalog; path = Assets.xcassets; sourceTree = "<group>"; };
		B9E52CC12B9ED4D700948E89 /* Base */ = {isa = PBXFileReference; lastKnownFileType = file.storyboard; name = Base; path = Base.lproj/LaunchScreen.storyboard; sourceTree = "<group>"; };
		B9E52CC32B9ED4D700948E89 /* Info.plist */ = {isa = PBXFileReference; lastKnownFileType = text.plist.xml; path = Info.plist; sourceTree = "<group>"; };
		B9E52CC82B9ED4D700948E89 /* LinkedDocTests.xctest */ = {isa = PBXFileReference; explicitFileType = wrapper.cfbundle; includeInIndex = 0; path = LinkedDocTests.xctest; sourceTree = BUILT_PRODUCTS_DIR; };
		B9E52CCC2B9ED4D700948E89 /* LinkedDocTests.swift */ = {isa = PBXFileReference; lastKnownFileType = sourcecode.swift; path = LinkedDocTests.swift; sourceTree = "<group>"; };
		B9E52CD22B9ED4D700948E89 /* LinkedDocUITests.xctest */ = {isa = PBXFileReference; explicitFileType = wrapper.cfbundle; includeInIndex = 0; path = LinkedDocUITests.xctest; sourceTree = BUILT_PRODUCTS_DIR; };
		B9E52CD62B9ED4D700948E89 /* LinkedDocUITests.swift */ = {isa = PBXFileReference; lastKnownFileType = sourcecode.swift; path = LinkedDocUITests.swift; sourceTree = "<group>"; };
		B9E52CD82B9ED4D700948E89 /* LinkedDocUITestsLaunchTests.swift */ = {isa = PBXFileReference; lastKnownFileType = sourcecode.swift; path = LinkedDocUITestsLaunchTests.swift; sourceTree = "<group>"; };
		B9E52CEA2B9ED6C100948E89 /* LinkedDoc-Bridging-Header.h */ = {isa = PBXFileReference; lastKnownFileType = sourcecode.c.h; path = "LinkedDoc-Bridging-Header.h"; sourceTree = "<group>"; };
		B9E52CEB2B9ED6C200948E89 /* SidebarMenu-Bridging-Header.h */ = {isa = PBXFileReference; fileEncoding = 4; lastKnownFileType = sourcecode.c.h; path = "SidebarMenu-Bridging-Header.h"; sourceTree = "<group>"; };
		B9E52CEC2B9ED6C200948E89 /* MenuControllerVC.swift */ = {isa = PBXFileReference; fileEncoding = 4; lastKnownFileType = sourcecode.swift; path = MenuControllerVC.swift; sourceTree = "<group>"; };
		B9E52CED2B9ED6C300948E89 /* SWRevealViewController.m */ = {isa = PBXFileReference; fileEncoding = 4; lastKnownFileType = sourcecode.c.objc; path = SWRevealViewController.m; sourceTree = "<group>"; };
		B9E52CEE2B9ED6C300948E89 /* SWRevealViewController.h */ = {isa = PBXFileReference; fileEncoding = 4; lastKnownFileType = sourcecode.c.h; path = SWRevealViewController.h; sourceTree = "<group>"; };
		B9E52CEF2B9ED6C400948E89 /* MenuControllerVCTableCell.swift */ = {isa = PBXFileReference; fileEncoding = 4; lastKnownFileType = sourcecode.swift; path = MenuControllerVCTableCell.swift; sourceTree = "<group>"; };
		B9E52CF42B9ED70C00948E89 /* Utils.swift */ = {isa = PBXFileReference; lastKnownFileType = sourcecode.swift; path = Utils.swift; sourceTree = "<group>"; };
		B9E52CF72B9ED87500948E89 /* loginViewController.swift */ = {isa = PBXFileReference; lastKnownFileType = sourcecode.swift; path = loginViewController.swift; sourceTree = "<group>"; };
		B9E52CFA2B9ED90F00948E89 /* select_language.swift */ = {isa = PBXFileReference; lastKnownFileType = sourcecode.swift; path = select_language.swift; sourceTree = "<group>"; };
		B9E52CFD2B9EDA6C00948E89 /* text_language.swift */ = {isa = PBXFileReference; lastKnownFileType = sourcecode.swift; path = text_language.swift; sourceTree = "<group>"; };
		B9E52D002B9EF86100948E89 /* create_an_account.swift */ = {isa = PBXFileReference; lastKnownFileType = sourcecode.swift; path = create_an_account.swift; sourceTree = "<group>"; };
		B9E52D032B9EF90B00948E89 /* table_cellTableViewCell.swift */ = {isa = PBXFileReference; lastKnownFileType = sourcecode.swift; path = table_cellTableViewCell.swift; sourceTree = "<group>"; };
		C51AB309C298A68EBDB8F2EA /* Pods-LinkedDoc.release.xcconfig */ = {isa = PBXFileReference; includeInIndex = 1; lastKnownFileType = text.xcconfig; name = "Pods-LinkedDoc.release.xcconfig"; path = "Target Support Files/Pods-LinkedDoc/Pods-LinkedDoc.release.xcconfig"; sourceTree = "<group>"; };
		EE0EF044CF6B802287748F9E /* Pods-LinkedDoc-LinkedDocUITests.debug.xcconfig */ = {isa = PBXFileReference; includeInIndex = 1; lastKnownFileType = text.xcconfig; name = "Pods-LinkedDoc-LinkedDocUITests.debug.xcconfig"; path = "Target Support Files/Pods-LinkedDoc-LinkedDocUITests/Pods-LinkedDoc-LinkedDocUITests.debug.xcconfig"; sourceTree = "<group>"; };
/* End PBXFileReference section */

/* Begin PBXFrameworksBuildPhase section */
		B9E52CAC2B9ED4D600948E89 /* Frameworks */ = {
			isa = PBXFrameworksBuildPhase;
			buildActionMask = 2147483647;
			files = (
				2EC5E1D21F0987491D3A0D52 /* Pods_LinkedDoc.framework in Frameworks */,
			);
			runOnlyForDeploymentPostprocessing = 0;
		};
		B9E52CC52B9ED4D700948E89 /* Frameworks */ = {
			isa = PBXFrameworksBuildPhase;
			buildActionMask = 2147483647;
			files = (
				5CA754973A54205D34E22C07 /* Pods_LinkedDocTests.framework in Frameworks */,
			);
			runOnlyForDeploymentPostprocessing = 0;
		};
		B9E52CCF2B9ED4D700948E89 /* Frameworks */ = {
			isa = PBXFrameworksBuildPhase;
			buildActionMask = 2147483647;
			files = (
				DED4C0FD6FDD402B386DE922 /* Pods_LinkedDoc_LinkedDocUITests.framework in Frameworks */,
			);
			runOnlyForDeploymentPostprocessing = 0;
		};
/* End PBXFrameworksBuildPhase section */

/* Begin PBXGroup section */
		45B1868E6407D1D587552369 /* Frameworks */ = {
			isa = PBXGroup;
			children = (
				B1626EA78B1559BB7B1FADCE /* Pods_LinkedDoc.framework */,
				1510E1E370622CE3F99BFC54 /* Pods_LinkedDoc_LinkedDocUITests.framework */,
				7B54A2341E09476215C46CE9 /* Pods_LinkedDocTests.framework */,
			);
			name = Frameworks;
			sourceTree = "<group>";
		};
		4A8498FE5C371DD8814C1BF5 /* Pods */ = {
			isa = PBXGroup;
			children = (
				46E7DC7F18F347B013CDD14E /* Pods-LinkedDoc.debug.xcconfig */,
				C51AB309C298A68EBDB8F2EA /* Pods-LinkedDoc.release.xcconfig */,
				EE0EF044CF6B802287748F9E /* Pods-LinkedDoc-LinkedDocUITests.debug.xcconfig */,
				0A8D70D45EBB4CF971E46549 /* Pods-LinkedDoc-LinkedDocUITests.release.xcconfig */,
				0CA3AFBF3C5B889020C887B9 /* Pods-LinkedDocTests.debug.xcconfig */,
				68464978A9677F6C8FBD85B0 /* Pods-LinkedDocTests.release.xcconfig */,
			);
			path = Pods;
			sourceTree = "<group>";
		};
		B90784562BA021790024970D /* dashboard */ = {
			isa = PBXGroup;
			children = (
				B90784572BA0218D0024970D /* dashboard.swift */,
			);
			path = dashboard;
			sourceTree = "<group>";
		};
		B90784592BA02CEA0024970D /* all_colors */ = {
			isa = PBXGroup;
			children = (
				B907845A2BA02CFB0024970D /* all_colors.swift */,
			);
			path = all_colors;
			sourceTree = "<group>";
		};
		B907845C2BA02D270024970D /* extenstions */ = {
			isa = PBXGroup;
			children = (
				B907845D2BA02D310024970D /* extensions.swift */,
			);
			path = extenstions;
			sourceTree = "<group>";
		};
		B907845F2BA02DBE0024970D /* translate_language */ = {
			isa = PBXGroup;
			children = (
				B90784602BA02DDB0024970D /* translate_language.swift */,
			);
			path = translate_language;
			sourceTree = "<group>";
		};
		B90784622BA02E550024970D /* language_dashboard */ = {
			isa = PBXGroup;
			children = (
			);
			path = language_dashboard;
			sourceTree = "<group>";
		};
		B90784652BA02EE40024970D /* language_complete_profile */ = {
			isa = PBXGroup;
			children = (
			);
			path = language_complete_profile;
			sourceTree = "<group>";
		};
		B90784682BA038C80024970D /* select_language_2 */ = {
			isa = PBXGroup;
			children = (
				B90784692BA038E20024970D /* update_select_language.swift */,
			);
			path = select_language_2;
			sourceTree = "<group>";
		};
		B919B7542BA18F40005E96D3 /* update_profile */ = {
			isa = PBXGroup;
			children = (
				B919B7552BA18F4C005E96D3 /* update_profile.swift */,
			);
			path = update_profile;
			sourceTree = "<group>";
		};
		B9BF86202B9F1AF700DBB05A /* doctor */ = {
			isa = PBXGroup;
			children = (
				B9E52CFF2B9EF84B00948E89 /* create_an_account */,
				B9BF86212B9F277400DBB05A /* complete_profile */,
			);
			path = doctor;
			sourceTree = "<group>";
		};
		B9BF86212B9F277400DBB05A /* complete_profile */ = {
			isa = PBXGroup;
			children = (
				B9BF86222B9F27EA00DBB05A /* complete_profile.swift */,
			);
			path = complete_profile;
			sourceTree = "<group>";
		};
		B9BF96532BA0744200860A64 /* change_password */ = {
			isa = PBXGroup;
			children = (
				B9BF96542BA074DC00860A64 /* change_password.swift */,
			);
			path = change_password;
			sourceTree = "<group>";
		};
		B9BF96562BA07C8D00860A64 /* progress */ = {
			isa = PBXGroup;
			children = (
				B9BF96572BA07C9700860A64 /* ERProgressHud.swift */,
			);
			path = progress;
			sourceTree = "<group>";
		};
		B9BF96592BA07CBA00860A64 /* alert */ = {
			isa = PBXGroup;
			children = (
				B9BF96602BA07CCF00860A64 /* ActionSheetView.swift */,
				B9BF965A2BA07CCF00860A64 /* AlertView.swift */,
				B9BF965C2BA07CCF00860A64 /* Color.swift */,
				B9BF965B2BA07CCF00860A64 /* LeftPaddingTextField.swift */,
				B9BF965D2BA07CCF00860A64 /* NewYorkAlertController.swift */,
				B9BF965F2BA07CCF00860A64 /* NewYorkAlertViewType.swift */,
				B9BF96612BA07CCF00860A64 /* NewYorkButton.swift */,
				B9BF965E2BA07CCF00860A64 /* UIStackView+Utility.swift */,
			);
			path = alert;
			sourceTree = "<group>";
		};
		B9BF966A2BA088ED00860A64 /* picker */ = {
			isa = PBXGroup;
			children = (
				B9BF966B2BA088F400860A64 /* RPicker.swift */,
			);
			path = picker;
			sourceTree = "<group>";
		};
		B9BF966D2BA0904200860A64 /* welcome */ = {
			isa = PBXGroup;
			children = (
				B9BF966E2BA0905700860A64 /* welcome.swift */,
			);
			path = welcome;
			sourceTree = "<group>";
		};
		B9E52CA62B9ED4D600948E89 = {
			isa = PBXGroup;
			children = (
				B9E52CB12B9ED4D600948E89 /* LinkedDoc */,
				B9E52CCB2B9ED4D700948E89 /* LinkedDocTests */,
				B9E52CD52B9ED4D700948E89 /* LinkedDocUITests */,
				B9E52CB02B9ED4D600948E89 /* Products */,
				4A8498FE5C371DD8814C1BF5 /* Pods */,
				45B1868E6407D1D587552369 /* Frameworks */,
			);
			sourceTree = "<group>";
		};
		B9E52CB02B9ED4D600948E89 /* Products */ = {
			isa = PBXGroup;
			children = (
				B9E52CAF2B9ED4D600948E89 /* LinkedDoc.app */,
				B9E52CC82B9ED4D700948E89 /* LinkedDocTests.xctest */,
				B9E52CD22B9ED4D700948E89 /* LinkedDocUITests.xctest */,
			);
			name = Products;
			sourceTree = "<group>";
		};
		B9E52CB12B9ED4D600948E89 /* LinkedDoc */ = {
			isa = PBXGroup;
			children = (
				B9E52CE52B9ED67D00948E89 /* classes */,
				B9E52CB22B9ED4D600948E89 /* AppDelegate.swift */,
				B9E52CB42B9ED4D600948E89 /* SceneDelegate.swift */,
				B9E52CB62B9ED4D600948E89 /* ViewController.swift */,
				B9E52CB82B9ED4D600948E89 /* Main.storyboard */,
				B9E52CBE2B9ED4D700948E89 /* Assets.xcassets */,
				B9E52CC02B9ED4D700948E89 /* LaunchScreen.storyboard */,
				B9E52CC32B9ED4D700948E89 /* Info.plist */,
				B9E52CBB2B9ED4D600948E89 /* LinkedDoc.xcdatamodeld */,
			);
			path = LinkedDoc;
			sourceTree = "<group>";
		};
		B9E52CCB2B9ED4D700948E89 /* LinkedDocTests */ = {
			isa = PBXGroup;
			children = (
				B9E52CCC2B9ED4D700948E89 /* LinkedDocTests.swift */,
			);
			path = LinkedDocTests;
			sourceTree = "<group>";
		};
		B9E52CD52B9ED4D700948E89 /* LinkedDocUITests */ = {
			isa = PBXGroup;
			children = (
				B9E52CD62B9ED4D700948E89 /* LinkedDocUITests.swift */,
				B9E52CD82B9ED4D700948E89 /* LinkedDocUITestsLaunchTests.swift */,
			);
			path = LinkedDocUITests;
			sourceTree = "<group>";
		};
		B9E52CE52B9ED67D00948E89 /* classes */ = {
			isa = PBXGroup;
			children = (
				B9E52CE82B9ED69300948E89 /* third_party */,
				B9E52CE72B9ED68C00948E89 /* common */,
				B9E52CE62B9ED68700948E89 /* screens */,
			);
			path = classes;
			sourceTree = "<group>";
		};
		B9E52CE62B9ED68700948E89 /* screens */ = {
			isa = PBXGroup;
			children = (
				B919B7542BA18F40005E96D3 /* update_profile */,
				B9BF966D2BA0904200860A64 /* welcome */,
				B9E52CF92B9ED8FD00948E89 /* select_language */,
				B90784682BA038C80024970D /* select_language_2 */,
				B9E52CF62B9ED86900948E89 /* login */,
				B9BF86202B9F1AF700DBB05A /* doctor */,
				B90784562BA021790024970D /* dashboard */,
				B907845F2BA02DBE0024970D /* translate_language */,
			);
			path = screens;
			sourceTree = "<group>";
		};
		B9E52CE72B9ED68C00948E89 /* common */ = {
			isa = PBXGroup;
			children = (
				B9BF966A2BA088ED00860A64 /* picker */,
				B9BF96592BA07CBA00860A64 /* alert */,
				B9BF96562BA07C8D00860A64 /* progress */,
				B9BF96532BA0744200860A64 /* change_password */,
				B9E52D022B9EF8EC00948E89 /* table_cell */,
				B9E52CFC2B9EDA5E00948E89 /* language */,
			);
			path = common;
			sourceTree = "<group>";
		};
		B9E52CE82B9ED69300948E89 /* third_party */ = {
			isa = PBXGroup;
			children = (
				B9E52CF32B9ED6EA00948E89 /* Utils */,
				B907845C2BA02D270024970D /* extenstions */,
				B90784592BA02CEA0024970D /* all_colors */,
				B9E52CE92B9ED6B500948E89 /* side_bar_menu */,
			);
			path = third_party;
			sourceTree = "<group>";
		};
		B9E52CE92B9ED6B500948E89 /* side_bar_menu */ = {
			isa = PBXGroup;
			children = (
				B9E52CEC2B9ED6C200948E89 /* MenuControllerVC.swift */,
				B9E52CEF2B9ED6C400948E89 /* MenuControllerVCTableCell.swift */,
				B9E52CEB2B9ED6C200948E89 /* SidebarMenu-Bridging-Header.h */,
				B9E52CEE2B9ED6C300948E89 /* SWRevealViewController.h */,
				B9E52CED2B9ED6C300948E89 /* SWRevealViewController.m */,
				B9E52CEA2B9ED6C100948E89 /* LinkedDoc-Bridging-Header.h */,
			);
			path = side_bar_menu;
			sourceTree = "<group>";
		};
		B9E52CF32B9ED6EA00948E89 /* Utils */ = {
			isa = PBXGroup;
			children = (
				B9E52CF42B9ED70C00948E89 /* Utils.swift */,
			);
			path = Utils;
			sourceTree = "<group>";
		};
		B9E52CF62B9ED86900948E89 /* login */ = {
			isa = PBXGroup;
			children = (
				B9E52CF72B9ED87500948E89 /* loginViewController.swift */,
			);
			path = login;
			sourceTree = "<group>";
		};
		B9E52CF92B9ED8FD00948E89 /* select_language */ = {
			isa = PBXGroup;
			children = (
				B9E52CFA2B9ED90F00948E89 /* select_language.swift */,
			);
			path = select_language;
			sourceTree = "<group>";
		};
		B9E52CFC2B9EDA5E00948E89 /* language */ = {
			isa = PBXGroup;
			children = (
				B9E52CFD2B9EDA6C00948E89 /* text_language.swift */,
				B90784622BA02E550024970D /* language_dashboard */,
				B90784652BA02EE40024970D /* language_complete_profile */,
			);
			path = language;
			sourceTree = "<group>";
		};
		B9E52CFF2B9EF84B00948E89 /* create_an_account */ = {
			isa = PBXGroup;
			children = (
				B9E52D002B9EF86100948E89 /* create_an_account.swift */,
			);
			path = create_an_account;
			sourceTree = "<group>";
		};
		B9E52D022B9EF8EC00948E89 /* table_cell */ = {
			isa = PBXGroup;
			children = (
				B9E52D032B9EF90B00948E89 /* table_cellTableViewCell.swift */,
			);
			path = table_cell;
			sourceTree = "<group>";
		};
/* End PBXGroup section */

/* Begin PBXNativeTarget section */
		B9E52CAE2B9ED4D600948E89 /* LinkedDoc */ = {
			isa = PBXNativeTarget;
			buildConfigurationList = B9E52CDC2B9ED4D700948E89 /* Build configuration list for PBXNativeTarget "LinkedDoc" */;
			buildPhases = (
				731D907F97AD49AD3BB3BCAA /* [CP] Check Pods Manifest.lock */,
				B9E52CAB2B9ED4D600948E89 /* Sources */,
				B9E52CAC2B9ED4D600948E89 /* Frameworks */,
				B9E52CAD2B9ED4D600948E89 /* Resources */,
				3E024550F84E83B0D02D7CFD /* [CP] Embed Pods Frameworks */,
			);
			buildRules = (
			);
			dependencies = (
			);
			name = LinkedDoc;
			productName = LinkedDoc;
			productReference = B9E52CAF2B9ED4D600948E89 /* LinkedDoc.app */;
			productType = "com.apple.product-type.application";
		};
		B9E52CC72B9ED4D700948E89 /* LinkedDocTests */ = {
			isa = PBXNativeTarget;
			buildConfigurationList = B9E52CDF2B9ED4D700948E89 /* Build configuration list for PBXNativeTarget "LinkedDocTests" */;
			buildPhases = (
				5EC4D7B47469503C1F2556BE /* [CP] Check Pods Manifest.lock */,
				B9E52CC42B9ED4D700948E89 /* Sources */,
				B9E52CC52B9ED4D700948E89 /* Frameworks */,
				B9E52CC62B9ED4D700948E89 /* Resources */,
			);
			buildRules = (
			);
			dependencies = (
				B9E52CCA2B9ED4D700948E89 /* PBXTargetDependency */,
			);
			name = LinkedDocTests;
			productName = LinkedDocTests;
			productReference = B9E52CC82B9ED4D700948E89 /* LinkedDocTests.xctest */;
			productType = "com.apple.product-type.bundle.unit-test";
		};
		B9E52CD12B9ED4D700948E89 /* LinkedDocUITests */ = {
			isa = PBXNativeTarget;
			buildConfigurationList = B9E52CE22B9ED4D700948E89 /* Build configuration list for PBXNativeTarget "LinkedDocUITests" */;
			buildPhases = (
				F7797373EB6F6CCC8CD78D5B /* [CP] Check Pods Manifest.lock */,
				B9E52CCE2B9ED4D700948E89 /* Sources */,
				B9E52CCF2B9ED4D700948E89 /* Frameworks */,
				B9E52CD02B9ED4D700948E89 /* Resources */,
				283BD8E6FB8E4DE04BDC3D06 /* [CP] Embed Pods Frameworks */,
			);
			buildRules = (
			);
			dependencies = (
				B9E52CD42B9ED4D700948E89 /* PBXTargetDependency */,
			);
			name = LinkedDocUITests;
			productName = LinkedDocUITests;
			productReference = B9E52CD22B9ED4D700948E89 /* LinkedDocUITests.xctest */;
			productType = "com.apple.product-type.bundle.ui-testing";
		};
/* End PBXNativeTarget section */

/* Begin PBXProject section */
		B9E52CA72B9ED4D600948E89 /* Project object */ = {
			isa = PBXProject;
			attributes = {
				BuildIndependentTargetsInParallel = 1;
				LastSwiftUpdateCheck = 1530;
				LastUpgradeCheck = 1530;
				TargetAttributes = {
					B9E52CAE2B9ED4D600948E89 = {
						CreatedOnToolsVersion = 15.3;
						LastSwiftMigration = 1530;
					};
					B9E52CC72B9ED4D700948E89 = {
						CreatedOnToolsVersion = 15.3;
						TestTargetID = B9E52CAE2B9ED4D600948E89;
					};
					B9E52CD12B9ED4D700948E89 = {
						CreatedOnToolsVersion = 15.3;
						TestTargetID = B9E52CAE2B9ED4D600948E89;
					};
				};
			};
			buildConfigurationList = B9E52CAA2B9ED4D600948E89 /* Build configuration list for PBXProject "LinkedDoc" */;
			compatibilityVersion = "Xcode 14.0";
			developmentRegion = en;
			hasScannedForEncodings = 0;
			knownRegions = (
				en,
				Base,
			);
			mainGroup = B9E52CA62B9ED4D600948E89;
			productRefGroup = B9E52CB02B9ED4D600948E89 /* Products */;
			projectDirPath = "";
			projectRoot = "";
			targets = (
				B9E52CAE2B9ED4D600948E89 /* LinkedDoc */,
				B9E52CC72B9ED4D700948E89 /* LinkedDocTests */,
				B9E52CD12B9ED4D700948E89 /* LinkedDocUITests */,
			);
		};
/* End PBXProject section */

/* Begin PBXResourcesBuildPhase section */
		B9E52CAD2B9ED4D600948E89 /* Resources */ = {
			isa = PBXResourcesBuildPhase;
			buildActionMask = 2147483647;
			files = (
				B9E52CBF2B9ED4D700948E89 /* Assets.xcassets in Resources */,
				B9E52CC22B9ED4D700948E89 /* Base in Resources */,
				B9E52CBA2B9ED4D600948E89 /* Base in Resources */,
			);
			runOnlyForDeploymentPostprocessing = 0;
		};
		B9E52CC62B9ED4D700948E89 /* Resources */ = {
			isa = PBXResourcesBuildPhase;
			buildActionMask = 2147483647;
			files = (
			);
			runOnlyForDeploymentPostprocessing = 0;
		};
		B9E52CD02B9ED4D700948E89 /* Resources */ = {
			isa = PBXResourcesBuildPhase;
			buildActionMask = 2147483647;
			files = (
			);
			runOnlyForDeploymentPostprocessing = 0;
		};
/* End PBXResourcesBuildPhase section */

/* Begin PBXShellScriptBuildPhase section */
		283BD8E6FB8E4DE04BDC3D06 /* [CP] Embed Pods Frameworks */ = {
			isa = PBXShellScriptBuildPhase;
			buildActionMask = 2147483647;
			files = (
			);
			inputFileListPaths = (
				"${PODS_ROOT}/Target Support Files/Pods-LinkedDoc-LinkedDocUITests/Pods-LinkedDoc-LinkedDocUITests-frameworks-${CONFIGURATION}-input-files.xcfilelist",
			);
			name = "[CP] Embed Pods Frameworks";
			outputFileListPaths = (
				"${PODS_ROOT}/Target Support Files/Pods-LinkedDoc-LinkedDocUITests/Pods-LinkedDoc-LinkedDocUITests-frameworks-${CONFIGURATION}-output-files.xcfilelist",
			);
			runOnlyForDeploymentPostprocessing = 0;
			shellPath = /bin/sh;
			shellScript = "\"${PODS_ROOT}/Target Support Files/Pods-LinkedDoc-LinkedDocUITests/Pods-LinkedDoc-LinkedDocUITests-frameworks.sh\"\n";
			showEnvVarsInLog = 0;
		};
		3E024550F84E83B0D02D7CFD /* [CP] Embed Pods Frameworks */ = {
			isa = PBXShellScriptBuildPhase;
			buildActionMask = 2147483647;
			files = (
			);
			inputFileListPaths = (
				"${PODS_ROOT}/Target Support Files/Pods-LinkedDoc/Pods-LinkedDoc-frameworks-${CONFIGURATION}-input-files.xcfilelist",
			);
			name = "[CP] Embed Pods Frameworks";
			outputFileListPaths = (
				"${PODS_ROOT}/Target Support Files/Pods-LinkedDoc/Pods-LinkedDoc-frameworks-${CONFIGURATION}-output-files.xcfilelist",
			);
			runOnlyForDeploymentPostprocessing = 0;
			shellPath = /bin/sh;
			shellScript = "\"${PODS_ROOT}/Target Support Files/Pods-LinkedDoc/Pods-LinkedDoc-frameworks.sh\"\n";
			showEnvVarsInLog = 0;
		};
		5EC4D7B47469503C1F2556BE /* [CP] Check Pods Manifest.lock */ = {
			isa = PBXShellScriptBuildPhase;
			buildActionMask = 2147483647;
			files = (
			);
			inputFileListPaths = (
			);
			inputPaths = (
				"${PODS_PODFILE_DIR_PATH}/Podfile.lock",
				"${PODS_ROOT}/Manifest.lock",
			);
			name = "[CP] Check Pods Manifest.lock";
			outputFileListPaths = (
			);
			outputPaths = (
				"$(DERIVED_FILE_DIR)/Pods-LinkedDocTests-checkManifestLockResult.txt",
			);
			runOnlyForDeploymentPostprocessing = 0;
			shellPath = /bin/sh;
			shellScript = "diff \"${PODS_PODFILE_DIR_PATH}/Podfile.lock\" \"${PODS_ROOT}/Manifest.lock\" > /dev/null\nif [ $? != 0 ] ; then\n    # print error to STDERR\n    echo \"error: The sandbox is not in sync with the Podfile.lock. Run 'pod install' or update your CocoaPods installation.\" >&2\n    exit 1\nfi\n# This output is used by Xcode 'outputs' to avoid re-running this script phase.\necho \"SUCCESS\" > \"${SCRIPT_OUTPUT_FILE_0}\"\n";
			showEnvVarsInLog = 0;
		};
		731D907F97AD49AD3BB3BCAA /* [CP] Check Pods Manifest.lock */ = {
			isa = PBXShellScriptBuildPhase;
			buildActionMask = 2147483647;
			files = (
			);
			inputFileListPaths = (
			);
			inputPaths = (
				"${PODS_PODFILE_DIR_PATH}/Podfile.lock",
				"${PODS_ROOT}/Manifest.lock",
			);
			name = "[CP] Check Pods Manifest.lock";
			outputFileListPaths = (
			);
			outputPaths = (
				"$(DERIVED_FILE_DIR)/Pods-LinkedDoc-checkManifestLockResult.txt",
			);
			runOnlyForDeploymentPostprocessing = 0;
			shellPath = /bin/sh;
			shellScript = "diff \"${PODS_PODFILE_DIR_PATH}/Podfile.lock\" \"${PODS_ROOT}/Manifest.lock\" > /dev/null\nif [ $? != 0 ] ; then\n    # print error to STDERR\n    echo \"error: The sandbox is not in sync with the Podfile.lock. Run 'pod install' or update your CocoaPods installation.\" >&2\n    exit 1\nfi\n# This output is used by Xcode 'outputs' to avoid re-running this script phase.\necho \"SUCCESS\" > \"${SCRIPT_OUTPUT_FILE_0}\"\n";
			showEnvVarsInLog = 0;
		};
		F7797373EB6F6CCC8CD78D5B /* [CP] Check Pods Manifest.lock */ = {
			isa = PBXShellScriptBuildPhase;
			buildActionMask = 2147483647;
			files = (
			);
			inputFileListPaths = (
			);
			inputPaths = (
				"${PODS_PODFILE_DIR_PATH}/Podfile.lock",
				"${PODS_ROOT}/Manifest.lock",
			);
			name = "[CP] Check Pods Manifest.lock";
			outputFileListPaths = (
			);
			outputPaths = (
				"$(DERIVED_FILE_DIR)/Pods-LinkedDoc-LinkedDocUITests-checkManifestLockResult.txt",
			);
			runOnlyForDeploymentPostprocessing = 0;
			shellPath = /bin/sh;
			shellScript = "diff \"${PODS_PODFILE_DIR_PATH}/Podfile.lock\" \"${PODS_ROOT}/Manifest.lock\" > /dev/null\nif [ $? != 0 ] ; then\n    # print error to STDERR\n    echo \"error: The sandbox is not in sync with the Podfile.lock. Run 'pod install' or update your CocoaPods installation.\" >&2\n    exit 1\nfi\n# This output is used by Xcode 'outputs' to avoid re-running this script phase.\necho \"SUCCESS\" > \"${SCRIPT_OUTPUT_FILE_0}\"\n";
			showEnvVarsInLog = 0;
		};
/* End PBXShellScriptBuildPhase section */

/* Begin PBXSourcesBuildPhase section */
		B9E52CAB2B9ED4D600948E89 /* Sources */ = {
			isa = PBXSourcesBuildPhase;
			buildActionMask = 2147483647;
			files = (
				B9BF96552BA074DC00860A64 /* change_password.swift in Sources */,
				B9BF96582BA07C9700860A64 /* ERProgressHud.swift in Sources */,
				B919B7562BA18F4C005E96D3 /* update_profile.swift in Sources */,
				B9E52CB72B9ED4D600948E89 /* ViewController.swift in Sources */,
				B9BF96622BA07CCF00860A64 /* AlertView.swift in Sources */,
				B907845E2BA02D310024970D /* extensions.swift in Sources */,
				B9BF96642BA07CCF00860A64 /* Color.swift in Sources */,
				B9BF96682BA07CCF00860A64 /* ActionSheetView.swift in Sources */,
				B9E52CF22B9ED6C400948E89 /* MenuControllerVCTableCell.swift in Sources */,
				B9BF966C2BA088F400860A64 /* RPicker.swift in Sources */,
				B9E52CB32B9ED4D600948E89 /* AppDelegate.swift in Sources */,
				B9E52CFE2B9EDA6C00948E89 /* text_language.swift in Sources */,
				B9E52CFB2B9ED90F00948E89 /* select_language.swift in Sources */,
				B9BF966F2BA0905700860A64 /* welcome.swift in Sources */,
				B907845B2BA02CFB0024970D /* all_colors.swift in Sources */,
				B9BF96632BA07CCF00860A64 /* LeftPaddingTextField.swift in Sources */,
				B9E52D042B9EF90B00948E89 /* table_cellTableViewCell.swift in Sources */,
				B9E52CB52B9ED4D600948E89 /* SceneDelegate.swift in Sources */,
				B9E52CBD2B9ED4D600948E89 /* LinkedDoc.xcdatamodeld in Sources */,
				B9E52CF02B9ED6C400948E89 /* MenuControllerVC.swift in Sources */,
				B9E52D012B9EF86100948E89 /* create_an_account.swift in Sources */,
				B90784612BA02DDB0024970D /* translate_language.swift in Sources */,
				B90784582BA0218D0024970D /* dashboard.swift in Sources */,
				B907846A2BA038E20024970D /* update_select_language.swift in Sources */,
				B9BF96692BA07CCF00860A64 /* NewYorkButton.swift in Sources */,
				B9BF96652BA07CCF00860A64 /* NewYorkAlertController.swift in Sources */,
				B9BF96672BA07CCF00860A64 /* NewYorkAlertViewType.swift in Sources */,
				B9BF86232B9F27EA00DBB05A /* complete_profile.swift in Sources */,
				B9E52CF12B9ED6C400948E89 /* SWRevealViewController.m in Sources */,
				B9E52CF52B9ED70C00948E89 /* Utils.swift in Sources */,
				B9BF96662BA07CCF00860A64 /* UIStackView+Utility.swift in Sources */,
				B9E52CF82B9ED87500948E89 /* loginViewController.swift in Sources */,
			);
			runOnlyForDeploymentPostprocessing = 0;
		};
		B9E52CC42B9ED4D700948E89 /* Sources */ = {
			isa = PBXSourcesBuildPhase;
			buildActionMask = 2147483647;
			files = (
				B9E52CCD2B9ED4D700948E89 /* LinkedDocTests.swift in Sources */,
			);
			runOnlyForDeploymentPostprocessing = 0;
		};
		B9E52CCE2B9ED4D700948E89 /* Sources */ = {
			isa = PBXSourcesBuildPhase;
			buildActionMask = 2147483647;
			files = (
				B9E52CD92B9ED4D700948E89 /* LinkedDocUITestsLaunchTests.swift in Sources */,
				B9E52CD72B9ED4D700948E89 /* LinkedDocUITests.swift in Sources */,
			);
			runOnlyForDeploymentPostprocessing = 0;
		};
/* End PBXSourcesBuildPhase section */

/* Begin PBXTargetDependency section */
		B9E52CCA2B9ED4D700948E89 /* PBXTargetDependency */ = {
			isa = PBXTargetDependency;
			target = B9E52CAE2B9ED4D600948E89 /* LinkedDoc */;
			targetProxy = B9E52CC92B9ED4D700948E89 /* PBXContainerItemProxy */;
		};
		B9E52CD42B9ED4D700948E89 /* PBXTargetDependency */ = {
			isa = PBXTargetDependency;
			target = B9E52CAE2B9ED4D600948E89 /* LinkedDoc */;
			targetProxy = B9E52CD32B9ED4D700948E89 /* PBXContainerItemProxy */;
		};
/* End PBXTargetDependency section */

/* Begin PBXVariantGroup section */
		B9E52CB82B9ED4D600948E89 /* Main.storyboard */ = {
			isa = PBXVariantGroup;
			children = (
				B9E52CB92B9ED4D600948E89 /* Base */,
			);
			name = Main.storyboard;
			sourceTree = "<group>";
		};
		B9E52CC02B9ED4D700948E89 /* LaunchScreen.storyboard */ = {
			isa = PBXVariantGroup;
			children = (
				B9E52CC12B9ED4D700948E89 /* Base */,
			);
			name = LaunchScreen.storyboard;
			sourceTree = "<group>";
		};
/* End PBXVariantGroup section */

/* Begin XCBuildConfiguration section */
		B9E52CDA2B9ED4D700948E89 /* Debug */ = {
			isa = XCBuildConfiguration;
			buildSettings = {
				ALWAYS_SEARCH_USER_PATHS = NO;
				ASSETCATALOG_COMPILER_GENERATE_SWIFT_ASSET_SYMBOL_EXTENSIONS = YES;
				CLANG_ANALYZER_NONNULL = YES;
				CLANG_ANALYZER_NUMBER_OBJECT_CONVERSION = YES_AGGRESSIVE;
				CLANG_CXX_LANGUAGE_STANDARD = "gnu++20";
				CLANG_ENABLE_MODULES = YES;
				CLANG_ENABLE_OBJC_ARC = YES;
				CLANG_ENABLE_OBJC_WEAK = YES;
				CLANG_WARN_BLOCK_CAPTURE_AUTORELEASING = YES;
				CLANG_WARN_BOOL_CONVERSION = YES;
				CLANG_WARN_COMMA = YES;
				CLANG_WARN_CONSTANT_CONVERSION = YES;
				CLANG_WARN_DEPRECATED_OBJC_IMPLEMENTATIONS = YES;
				CLANG_WARN_DIRECT_OBJC_ISA_USAGE = YES_ERROR;
				CLANG_WARN_DOCUMENTATION_COMMENTS = YES;
				CLANG_WARN_EMPTY_BODY = YES;
				CLANG_WARN_ENUM_CONVERSION = YES;
				CLANG_WARN_INFINITE_RECURSION = YES;
				CLANG_WARN_INT_CONVERSION = YES;
				CLANG_WARN_NON_LITERAL_NULL_CONVERSION = YES;
				CLANG_WARN_OBJC_IMPLICIT_RETAIN_SELF = YES;
				CLANG_WARN_OBJC_LITERAL_CONVERSION = YES;
				CLANG_WARN_OBJC_ROOT_CLASS = YES_ERROR;
				CLANG_WARN_QUOTED_INCLUDE_IN_FRAMEWORK_HEADER = YES;
				CLANG_WARN_RANGE_LOOP_ANALYSIS = YES;
				CLANG_WARN_STRICT_PROTOTYPES = YES;
				CLANG_WARN_SUSPICIOUS_MOVE = YES;
				CLANG_WARN_UNGUARDED_AVAILABILITY = YES_AGGRESSIVE;
				CLANG_WARN_UNREACHABLE_CODE = YES;
				CLANG_WARN__DUPLICATE_METHOD_MATCH = YES;
				COPY_PHASE_STRIP = NO;
				DEBUG_INFORMATION_FORMAT = dwarf;
				ENABLE_STRICT_OBJC_MSGSEND = YES;
				ENABLE_TESTABILITY = YES;
				ENABLE_USER_SCRIPT_SANDBOXING = YES;
				GCC_C_LANGUAGE_STANDARD = gnu17;
				GCC_DYNAMIC_NO_PIC = NO;
				GCC_NO_COMMON_BLOCKS = YES;
				GCC_OPTIMIZATION_LEVEL = 0;
				GCC_PREPROCESSOR_DEFINITIONS = (
					"DEBUG=1",
					"$(inherited)",
				);
				GCC_WARN_64_TO_32_BIT_CONVERSION = YES;
				GCC_WARN_ABOUT_RETURN_TYPE = YES_ERROR;
				GCC_WARN_UNDECLARED_SELECTOR = YES;
				GCC_WARN_UNINITIALIZED_AUTOS = YES_AGGRESSIVE;
				GCC_WARN_UNUSED_FUNCTION = YES;
				GCC_WARN_UNUSED_VARIABLE = YES;
				IPHONEOS_DEPLOYMENT_TARGET = 17.4;
				LOCALIZATION_PREFERS_STRING_CATALOGS = YES;
				MTL_ENABLE_DEBUG_INFO = INCLUDE_SOURCE;
				MTL_FAST_MATH = YES;
				ONLY_ACTIVE_ARCH = YES;
				SDKROOT = iphoneos;
				SWIFT_ACTIVE_COMPILATION_CONDITIONS = "DEBUG $(inherited)";
				SWIFT_OPTIMIZATION_LEVEL = "-Onone";
			};
			name = Debug;
		};
		B9E52CDB2B9ED4D700948E89 /* Release */ = {
			isa = XCBuildConfiguration;
			buildSettings = {
				ALWAYS_SEARCH_USER_PATHS = NO;
				ASSETCATALOG_COMPILER_GENERATE_SWIFT_ASSET_SYMBOL_EXTENSIONS = YES;
				CLANG_ANALYZER_NONNULL = YES;
				CLANG_ANALYZER_NUMBER_OBJECT_CONVERSION = YES_AGGRESSIVE;
				CLANG_CXX_LANGUAGE_STANDARD = "gnu++20";
				CLANG_ENABLE_MODULES = YES;
				CLANG_ENABLE_OBJC_ARC = YES;
				CLANG_ENABLE_OBJC_WEAK = YES;
				CLANG_WARN_BLOCK_CAPTURE_AUTORELEASING = YES;
				CLANG_WARN_BOOL_CONVERSION = YES;
				CLANG_WARN_COMMA = YES;
				CLANG_WARN_CONSTANT_CONVERSION = YES;
				CLANG_WARN_DEPRECATED_OBJC_IMPLEMENTATIONS = YES;
				CLANG_WARN_DIRECT_OBJC_ISA_USAGE = YES_ERROR;
				CLANG_WARN_DOCUMENTATION_COMMENTS = YES;
				CLANG_WARN_EMPTY_BODY = YES;
				CLANG_WARN_ENUM_CONVERSION = YES;
				CLANG_WARN_INFINITE_RECURSION = YES;
				CLANG_WARN_INT_CONVERSION = YES;
				CLANG_WARN_NON_LITERAL_NULL_CONVERSION = YES;
				CLANG_WARN_OBJC_IMPLICIT_RETAIN_SELF = YES;
				CLANG_WARN_OBJC_LITERAL_CONVERSION = YES;
				CLANG_WARN_OBJC_ROOT_CLASS = YES_ERROR;
				CLANG_WARN_QUOTED_INCLUDE_IN_FRAMEWORK_HEADER = YES;
				CLANG_WARN_RANGE_LOOP_ANALYSIS = YES;
				CLANG_WARN_STRICT_PROTOTYPES = YES;
				CLANG_WARN_SUSPICIOUS_MOVE = YES;
				CLANG_WARN_UNGUARDED_AVAILABILITY = YES_AGGRESSIVE;
				CLANG_WARN_UNREACHABLE_CODE = YES;
				CLANG_WARN__DUPLICATE_METHOD_MATCH = YES;
				COPY_PHASE_STRIP = NO;
				DEBUG_INFORMATION_FORMAT = "dwarf-with-dsym";
				ENABLE_NS_ASSERTIONS = NO;
				ENABLE_STRICT_OBJC_MSGSEND = YES;
				ENABLE_USER_SCRIPT_SANDBOXING = YES;
				GCC_C_LANGUAGE_STANDARD = gnu17;
				GCC_NO_COMMON_BLOCKS = YES;
				GCC_WARN_64_TO_32_BIT_CONVERSION = YES;
				GCC_WARN_ABOUT_RETURN_TYPE = YES_ERROR;
				GCC_WARN_UNDECLARED_SELECTOR = YES;
				GCC_WARN_UNINITIALIZED_AUTOS = YES_AGGRESSIVE;
				GCC_WARN_UNUSED_FUNCTION = YES;
				GCC_WARN_UNUSED_VARIABLE = YES;
				IPHONEOS_DEPLOYMENT_TARGET = 17.4;
				LOCALIZATION_PREFERS_STRING_CATALOGS = YES;
				MTL_ENABLE_DEBUG_INFO = NO;
				MTL_FAST_MATH = YES;
				SDKROOT = iphoneos;
				SWIFT_COMPILATION_MODE = wholemodule;
				VALIDATE_PRODUCT = YES;
			};
			name = Release;
		};
		B9E52CDD2B9ED4D700948E89 /* Debug */ = {
			isa = XCBuildConfiguration;
			baseConfigurationReference = 46E7DC7F18F347B013CDD14E /* Pods-LinkedDoc.debug.xcconfig */;
			buildSettings = {
				ASSETCATALOG_COMPILER_APPICON_NAME = AppIcon;
				ASSETCATALOG_COMPILER_GLOBAL_ACCENT_COLOR_NAME = AccentColor;
				CLANG_ENABLE_MODULES = YES;
				CODE_SIGN_STYLE = Automatic;
				CURRENT_PROJECT_VERSION = 0;
				DEVELOPMENT_TEAM = NHVZESNL9B;
				ENABLE_USER_SCRIPT_SANDBOXING = NO;
				GENERATE_INFOPLIST_FILE = YES;
				INFOPLIST_FILE = LinkedDoc/Info.plist;
				INFOPLIST_KEY_LSApplicationCategoryType = "public.app-category.medical";
				INFOPLIST_KEY_UIApplicationSupportsIndirectInputEvents = YES;
				INFOPLIST_KEY_UILaunchStoryboardName = LaunchScreen;
				INFOPLIST_KEY_UIMainStoryboardFile = Main;
				INFOPLIST_KEY_UISupportedInterfaceOrientations = UIInterfaceOrientationPortrait;
				INFOPLIST_KEY_UISupportedInterfaceOrientations_iPad = "UIInterfaceOrientationLandscapeLeft UIInterfaceOrientationLandscapeRight UIInterfaceOrientationPortrait UIInterfaceOrientationPortraitUpsideDown";
				LD_RUNPATH_SEARCH_PATHS = (
					"$(inherited)",
					"@executable_path/Frameworks",
				);
				MARKETING_VERSION = 0.0.1;
				PRODUCT_BUNDLE_IDENTIFIER = com.ios.linked.doc.prod;
				PRODUCT_NAME = "$(TARGET_NAME)";
				SUPPORTED_PLATFORMS = "iphoneos iphonesimulator";
				SUPPORTS_MACCATALYST = NO;
				SUPPORTS_MAC_DESIGNED_FOR_IPHONE_IPAD = NO;
				SWIFT_EMIT_LOC_STRINGS = YES;
				SWIFT_OBJC_BRIDGING_HEADER = "LinkedDoc/classes/third_party/side_bar_menu/LinkedDoc-Bridging-Header.h";
				SWIFT_OPTIMIZATION_LEVEL = "-Onone";
				SWIFT_VERSION = 5.0;
				TARGETED_DEVICE_FAMILY = 1;
			};
			name = Debug;
		};
		B9E52CDE2B9ED4D700948E89 /* Release */ = {
			isa = XCBuildConfiguration;
			baseConfigurationReference = C51AB309C298A68EBDB8F2EA /* Pods-LinkedDoc.release.xcconfig */;
			buildSettings = {
				ASSETCATALOG_COMPILER_APPICON_NAME = AppIcon;
				ASSETCATALOG_COMPILER_GLOBAL_ACCENT_COLOR_NAME = AccentColor;
				CLANG_ENABLE_MODULES = YES;
				CODE_SIGN_STYLE = Automatic;
				CURRENT_PROJECT_VERSION = 0;
				DEVELOPMENT_TEAM = NHVZESNL9B;
				ENABLE_USER_SCRIPT_SANDBOXING = NO;
				GENERATE_INFOPLIST_FILE = YES;
				INFOPLIST_FILE = LinkedDoc/Info.plist;
				INFOPLIST_KEY_LSApplicationCategoryType = "public.app-category.medical";
				INFOPLIST_KEY_UIApplicationSupportsIndirectInputEvents = YES;
				INFOPLIST_KEY_UILaunchStoryboardName = LaunchScreen;
				INFOPLIST_KEY_UIMainStoryboardFile = Main;
				INFOPLIST_KEY_UISupportedInterfaceOrientations = UIInterfaceOrientationPortrait;
				INFOPLIST_KEY_UISupportedInterfaceOrientations_iPad = "UIInterfaceOrientationLandscapeLeft UIInterfaceOrientationLandscapeRight UIInterfaceOrientationPortrait UIInterfaceOrientationPortraitUpsideDown";
				LD_RUNPATH_SEARCH_PATHS = (
					"$(inherited)",
					"@executable_path/Frameworks",
				);
				MARKETING_VERSION = 0.0.1;
				PRODUCT_BUNDLE_IDENTIFIER = com.ios.linked.doc.prod;
				PRODUCT_NAME = "$(TARGET_NAME)";
				SUPPORTED_PLATFORMS = "iphoneos iphonesimulator";
				SUPPORTS_MACCATALYST = NO;
				SUPPORTS_MAC_DESIGNED_FOR_IPHONE_IPAD = NO;
				SWIFT_EMIT_LOC_STRINGS = YES;
				SWIFT_OBJC_BRIDGING_HEADER = "LinkedDoc/classes/third_party/side_bar_menu/LinkedDoc-Bridging-Header.h";
				SWIFT_VERSION = 5.0;
				TARGETED_DEVICE_FAMILY = 1;
			};
			name = Release;
		};
		B9E52CE02B9ED4D700948E89 /* Debug */ = {
			isa = XCBuildConfiguration;
			baseConfigurationReference = 0CA3AFBF3C5B889020C887B9 /* Pods-LinkedDocTests.debug.xcconfig */;
			buildSettings = {
				ALWAYS_EMBED_SWIFT_STANDARD_LIBRARIES = YES;
				BUNDLE_LOADER = "$(TEST_HOST)";
				CODE_SIGN_STYLE = Automatic;
				CURRENT_PROJECT_VERSION = 1;
				DEVELOPMENT_TEAM = NHVZESNL9B;
				GENERATE_INFOPLIST_FILE = YES;
				IPHONEOS_DEPLOYMENT_TARGET = 17.4;
				MARKETING_VERSION = 1.0;
				PRODUCT_BUNDLE_IDENTIFIER = com.ios.linked.doc.prod.LinkedDocTests;
				PRODUCT_NAME = "$(TARGET_NAME)";
				SWIFT_EMIT_LOC_STRINGS = NO;
				SWIFT_VERSION = 5.0;
				TARGETED_DEVICE_FAMILY = "1,2";
				TEST_HOST = "$(BUILT_PRODUCTS_DIR)/LinkedDoc.app/$(BUNDLE_EXECUTABLE_FOLDER_PATH)/LinkedDoc";
			};
			name = Debug;
		};
		B9E52CE12B9ED4D700948E89 /* Release */ = {
			isa = XCBuildConfiguration;
			baseConfigurationReference = 68464978A9677F6C8FBD85B0 /* Pods-LinkedDocTests.release.xcconfig */;
			buildSettings = {
				ALWAYS_EMBED_SWIFT_STANDARD_LIBRARIES = YES;
				BUNDLE_LOADER = "$(TEST_HOST)";
				CODE_SIGN_STYLE = Automatic;
				CURRENT_PROJECT_VERSION = 1;
				DEVELOPMENT_TEAM = NHVZESNL9B;
				GENERATE_INFOPLIST_FILE = YES;
				IPHONEOS_DEPLOYMENT_TARGET = 17.4;
				MARKETING_VERSION = 1.0;
				PRODUCT_BUNDLE_IDENTIFIER = com.ios.linked.doc.prod.LinkedDocTests;
				PRODUCT_NAME = "$(TARGET_NAME)";
				SWIFT_EMIT_LOC_STRINGS = NO;
				SWIFT_VERSION = 5.0;
				TARGETED_DEVICE_FAMILY = "1,2";
				TEST_HOST = "$(BUILT_PRODUCTS_DIR)/LinkedDoc.app/$(BUNDLE_EXECUTABLE_FOLDER_PATH)/LinkedDoc";
			};
			name = Release;
		};
		B9E52CE32B9ED4D700948E89 /* Debug */ = {
			isa = XCBuildConfiguration;
			baseConfigurationReference = EE0EF044CF6B802287748F9E /* Pods-LinkedDoc-LinkedDocUITests.debug.xcconfig */;
			buildSettings = {
				ALWAYS_EMBED_SWIFT_STANDARD_LIBRARIES = YES;
				CODE_SIGN_STYLE = Automatic;
				CURRENT_PROJECT_VERSION = 1;
				DEVELOPMENT_TEAM = NHVZESNL9B;
				GENERATE_INFOPLIST_FILE = YES;
				MARKETING_VERSION = 1.0;
				PRODUCT_BUNDLE_IDENTIFIER = com.ios.linked.doc.prod.LinkedDocUITests;
				PRODUCT_NAME = "$(TARGET_NAME)";
				SWIFT_EMIT_LOC_STRINGS = NO;
				SWIFT_VERSION = 5.0;
				TARGETED_DEVICE_FAMILY = "1,2";
				TEST_TARGET_NAME = LinkedDoc;
			};
			name = Debug;
		};
		B9E52CE42B9ED4D700948E89 /* Release */ = {
			isa = XCBuildConfiguration;
			baseConfigurationReference = 0A8D70D45EBB4CF971E46549 /* Pods-LinkedDoc-LinkedDocUITests.release.xcconfig */;
			buildSettings = {
				ALWAYS_EMBED_SWIFT_STANDARD_LIBRARIES = YES;
				CODE_SIGN_STYLE = Automatic;
				CURRENT_PROJECT_VERSION = 1;
				DEVELOPMENT_TEAM = NHVZESNL9B;
				GENERATE_INFOPLIST_FILE = YES;
				MARKETING_VERSION = 1.0;
				PRODUCT_BUNDLE_IDENTIFIER = com.ios.linked.doc.prod.LinkedDocUITests;
				PRODUCT_NAME = "$(TARGET_NAME)";
				SWIFT_EMIT_LOC_STRINGS = NO;
				SWIFT_VERSION = 5.0;
				TARGETED_DEVICE_FAMILY = "1,2";
				TEST_TARGET_NAME = LinkedDoc;
			};
			name = Release;
		};
/* End XCBuildConfiguration section */

/* Begin XCConfigurationList section */
		B9E52CAA2B9ED4D600948E89 /* Build configuration list for PBXProject "LinkedDoc" */ = {
			isa = XCConfigurationList;
			buildConfigurations = (
				B9E52CDA2B9ED4D700948E89 /* Debug */,
				B9E52CDB2B9ED4D700948E89 /* Release */,
			);
			defaultConfigurationIsVisible = 0;
			defaultConfigurationName = Release;
		};
		B9E52CDC2B9ED4D700948E89 /* Build configuration list for PBXNativeTarget "LinkedDoc" */ = {
			isa = XCConfigurationList;
			buildConfigurations = (
				B9E52CDD2B9ED4D700948E89 /* Debug */,
				B9E52CDE2B9ED4D700948E89 /* Release */,
			);
			defaultConfigurationIsVisible = 0;
			defaultConfigurationName = Release;
		};
		B9E52CDF2B9ED4D700948E89 /* Build configuration list for PBXNativeTarget "LinkedDocTests" */ = {
			isa = XCConfigurationList;
			buildConfigurations = (
				B9E52CE02B9ED4D700948E89 /* Debug */,
				B9E52CE12B9ED4D700948E89 /* Release */,
			);
			defaultConfigurationIsVisible = 0;
			defaultConfigurationName = Release;
		};
		B9E52CE22B9ED4D700948E89 /* Build configuration list for PBXNativeTarget "LinkedDocUITests" */ = {
			isa = XCConfigurationList;
			buildConfigurations = (
				B9E52CE32B9ED4D700948E89 /* Debug */,
				B9E52CE42B9ED4D700948E89 /* Release */,
			);
			defaultConfigurationIsVisible = 0;
			defaultConfigurationName = Release;
		};
/* End XCConfigurationList section */

/* Begin XCVersionGroup section */
		B9E52CBB2B9ED4D600948E89 /* LinkedDoc.xcdatamodeld */ = {
			isa = XCVersionGroup;
			children = (
				B9E52CBC2B9ED4D600948E89 /* LinkedDoc.xcdatamodel */,
			);
			currentVersion = B9E52CBC2B9ED4D600948E89 /* LinkedDoc.xcdatamodel */;
			path = LinkedDoc.xcdatamodeld;
			sourceTree = "<group>";
			versionGroupType = wrapper.xcdatamodel;
		};
/* End XCVersionGroup section */
	};
	rootObject = B9E52CA72B9ED4D600948E89 /* Project object */;
}
